{
  "version": 4,
  "terraform_version": "1.10.0",
  "serial": 38,
  "lineage": "e9a64ecc-225a-4072-87a8-ac3268ca704d",
  "outputs": {
    "config": {
      "value": {
        "bucket": "nhut-learning-tf-s3-backend-20251216-021925",
        "dynamodb_table": "nhut-learning-tf-s3-backend",
        "region": "ap-southeast-1",
        "role_arn": "arn:aws:iam::005570540694:role/Nhut-Learning-TfS3BackendRole"
      },
      "type": [
        "object",
        {
          "bucket": "string",
          "dynamodb_table": "string",
          "region": "string",
          "role_arn": "string"
        }
      ]
    }
  },
  "resources": [
    {
      "mode": "data",
      "type": "aws_caller_identity",
      "name": "current",
      "provider": "provider[\"registry.terraform.io/hashicorp/aws\"]",
      "instances": [
        {
          "schema_version": 0,
          "attributes": {
            "account_id": "005570540694",
            "arn": "arn:aws:iam::005570540694:user/terraform",
            "id": "005570540694",
            "user_id": "AIDAQCTAHWSLMWRCYSRAP"
          },
          "sensitive_attributes": []
        }
      ]
    },
    {
      "mode": "data",
      "type": "aws_iam_policy_document",
      "name": "policy_doc",
      "provider": "provider[\"registry.terraform.io/hashicorp/aws\"]",
      "instances": [
        {
          "schema_version": 0,
          "attributes": {
            "id": "2749405271",
            "json": "{\n  \"Version\": \"2012-10-17\",\n  \"Statement\": [\n    {\n      \"Effect\": \"Allow\",\n      \"Action\": \"s3:ListBucket\",\n      \"Resource\": \"arn:aws:s3:::nhut-learning-tf-s3-backend-20251216-021925\"\n    },\n    {\n      \"Effect\": \"Allow\",\n      \"Action\": [\n        \"s3:PutObject\",\n        \"s3:GetObject\",\n        \"s3:DeleteObject\"\n      ],\n      \"Resource\": \"arn:aws:s3:::nhut-learning-tf-s3-backend-20251216-021925/*\"\n    },\n    {\n      \"Effect\": \"Allow\",\n      \"Action\": [\n        \"s3:PutEncryptionConfiguration\",\n        \"s3:PutBucketVersioning\",\n        \"s3:GetEncryptionConfiguration\",\n        \"s3:GetBucketVersioning\"\n      ],\n      \"Resource\": \"arn:aws:s3:::nhut-learning-tf-s3-backend-20251216-021925\"\n    },\n    {\n      \"Effect\": \"Allow\",\n      \"Action\": [\n        \"kms:GenerateDataKey\",\n        \"kms:Encrypt\",\n        \"kms:DescribeKey\",\n        \"kms:Decrypt\",\n        \"kms:CreateGrant\"\n      ],\n      \"Resource\": \"arn:aws:kms:ap-southeast-1:005570540694:key/36a7b6e5-3c11-407f-adc7-32b851143628\"\n    },\n    {\n      \"Effect\": \"Allow\",\n      \"Action\": [\n        \"dynamodb:PutItem\",\n        \"dynamodb:GetItem\",\n        \"dynamodb:DeleteItem\"\n      ],\n      \"Resource\": \"arn:aws:dynamodb:ap-southeast-1:005570540694:table/nhut-learning-tf-s3-backend\"\n    }\n  ]\n}",
            "minified_json": "{\"Version\":\"2012-10-17\",\"Statement\":[{\"Effect\":\"Allow\",\"Action\":\"s3:ListBucket\",\"Resource\":\"arn:aws:s3:::nhut-learning-tf-s3-backend-20251216-021925\"},{\"Effect\":\"Allow\",\"Action\":[\"s3:PutObject\",\"s3:GetObject\",\"s3:DeleteObject\"],\"Resource\":\"arn:aws:s3:::nhut-learning-tf-s3-backend-20251216-021925/*\"},{\"Effect\":\"Allow\",\"Action\":[\"s3:PutEncryptionConfiguration\",\"s3:PutBucketVersioning\",\"s3:GetEncryptionConfiguration\",\"s3:GetBucketVersioning\"],\"Resource\":\"arn:aws:s3:::nhut-learning-tf-s3-backend-20251216-021925\"},{\"Effect\":\"Allow\",\"Action\":[\"kms:GenerateDataKey\",\"kms:Encrypt\",\"kms:DescribeKey\",\"kms:Decrypt\",\"kms:CreateGrant\"],\"Resource\":\"arn:aws:kms:ap-southeast-1:005570540694:key/36a7b6e5-3c11-407f-adc7-32b851143628\"},{\"Effect\":\"Allow\",\"Action\":[\"dynamodb:PutItem\",\"dynamodb:GetItem\",\"dynamodb:DeleteItem\"],\"Resource\":\"arn:aws:dynamodb:ap-southeast-1:005570540694:table/nhut-learning-tf-s3-backend\"}]}",
            "override_json": null,
            "override_policy_documents": null,
            "policy_id": null,
            "source_json": null,
            "source_policy_documents": null,
            "statement": [
              {
                "actions": [
                  "s3:ListBucket"
                ],
                "condition": [],
                "effect": "Allow",
                "not_actions": [],
                "not_principals": [],
                "not_resources": [],
                "principals": [],
                "resources": [
                  "arn:aws:s3:::nhut-learning-tf-s3-backend-20251216-021925"
                ],
                "sid": ""
              },
              {
                "actions": [
                  "s3:DeleteObject",
                  "s3:GetObject",
                  "s3:PutObject"
                ],
                "condition": [],
                "effect": "Allow",
                "not_actions": [],
                "not_principals": [],
                "not_resources": [],
                "principals": [],
                "resources": [
                  "arn:aws:s3:::nhut-learning-tf-s3-backend-20251216-021925/*"
                ],
                "sid": ""
              },
              {
                "actions": [
                  "s3:GetBucketVersioning",
                  "s3:GetEncryptionConfiguration",
                  "s3:PutBucketVersioning",
                  "s3:PutEncryptionConfiguration"
                ],
                "condition": [],
                "effect": "Allow",
                "not_actions": [],
                "not_principals": [],
                "not_resources": [],
                "principals": [],
                "resources": [
                  "arn:aws:s3:::nhut-learning-tf-s3-backend-20251216-021925"
                ],
                "sid": ""
              },
              {
                "actions": [
                  "kms:CreateGrant",
                  "kms:Decrypt",
                  "kms:DescribeKey",
                  "kms:Encrypt",
                  "kms:GenerateDataKey"
                ],
                "condition": [],
                "effect": "Allow",
                "not_actions": [],
                "not_principals": [],
                "not_resources": [],
                "principals": [],
                "resources": [
                  "arn:aws:kms:ap-southeast-1:005570540694:key/36a7b6e5-3c11-407f-adc7-32b851143628"
                ],
                "sid": ""
              },
              {
                "actions": [
                  "dynamodb:DeleteItem",
                  "dynamodb:GetItem",
                  "dynamodb:PutItem"
                ],
                "condition": [],
                "effect": "Allow",
                "not_actions": [],
                "not_principals": [],
                "not_resources": [],
                "principals": [],
                "resources": [
                  "arn:aws:dynamodb:ap-southeast-1:005570540694:table/nhut-learning-tf-s3-backend"
                ],
                "sid": ""
              }
            ],
            "version": "2012-10-17"
          },
          "sensitive_attributes": []
        }
      ]
    },
    {
      "mode": "data",
      "type": "aws_region",
      "name": "current",
      "provider": "provider[\"registry.terraform.io/hashicorp/aws\"]",
      "instances": [
        {
          "schema_version": 0,
          "attributes": {
            "description": "Asia Pacific (Singapore)",
            "endpoint": "ec2.ap-southeast-1.amazonaws.com",
            "id": "ap-southeast-1",
            "name": "ap-southeast-1",
            "region": "ap-southeast-1"
          },
          "sensitive_attributes": []
        }
      ]
    },
    {
      "mode": "managed",
      "type": "aws_dynamodb_table",
      "name": "dynamodb_table",
      "provider": "provider[\"registry.terraform.io/hashicorp/aws\"]",
      "instances": [
        {
          "schema_version": 1,
          "attributes": {
            "arn": "arn:aws:dynamodb:ap-southeast-1:005570540694:table/nhut-learning-tf-s3-backend",
            "attribute": [
              {
                "name": "LockID",
                "type": "S"
              }
            ],
            "billing_mode": "PAY_PER_REQUEST",
            "deletion_protection_enabled": false,
            "global_secondary_index": [],
            "hash_key": "LockID",
            "id": "nhut-learning-tf-s3-backend",
            "import_table": [],
            "local_secondary_index": [],
            "name": "nhut-learning-tf-s3-backend",
            "on_demand_throughput": [],
            "point_in_time_recovery": [
              {
                "enabled": false,
                "recovery_period_in_days": 0
              }
            ],
            "range_key": null,
            "read_capacity": 0,
            "region": "ap-southeast-1",
            "replica": [],
            "restore_date_time": null,
            "restore_source_name": null,
            "restore_source_table_arn": null,
            "restore_to_latest_time": null,
            "server_side_encryption": [],
            "stream_arn": "",
            "stream_enabled": false,
            "stream_label": "",
            "stream_view_type": "",
            "table_class": "STANDARD",
            "tags": {
              "project": "nhut-learning-tf"
            },
            "tags_all": {
              "project": "nhut-learning-tf"
            },
            "timeouts": null,
            "ttl": [
              {
                "attribute_name": "",
                "enabled": false
              }
            ],
            "warm_throughput": [],
            "write_capacity": 0
          },
          "sensitive_attributes": [],
          "private": "eyJlMmJmYjczMC1lY2FhLTExZTYtOGY4OC0zNDM2M2JjN2M0YzAiOnsiY3JlYXRlIjoxODAwMDAwMDAwMDAwLCJkZWxldGUiOjYwMDAwMDAwMDAwMCwidXBkYXRlIjozNjAwMDAwMDAwMDAwfSwic2NoZW1hX3ZlcnNpb24iOiIxIn0="
        }
      ]
    },
    {
      "mode": "managed",
      "type": "aws_iam_policy",
      "name": "policy",
      "provider": "provider[\"registry.terraform.io/hashicorp/aws\"]",
      "instances": [
        {
          "schema_version": 0,
          "attributes": {
            "arn": "arn:aws:iam::005570540694:policy/Nhut-Learning-TfS3BackendPolicy",
            "attachment_count": 0,
            "description": "",
            "id": "arn:aws:iam::005570540694:policy/Nhut-Learning-TfS3BackendPolicy",
            "name": "Nhut-Learning-TfS3BackendPolicy",
            "name_prefix": "",
            "path": "/",
            "policy": "{\"Statement\":[{\"Action\":\"s3:ListBucket\",\"Effect\":\"Allow\",\"Resource\":\"arn:aws:s3:::nhut-learning-tf-s3-backend-20251216-021925\"},{\"Action\":[\"s3:PutObject\",\"s3:GetObject\",\"s3:DeleteObject\"],\"Effect\":\"Allow\",\"Resource\":\"arn:aws:s3:::nhut-learning-tf-s3-backend-20251216-021925/*\"},{\"Action\":[\"s3:PutEncryptionConfiguration\",\"s3:PutBucketVersioning\",\"s3:GetEncryptionConfiguration\",\"s3:GetBucketVersioning\"],\"Effect\":\"Allow\",\"Resource\":\"arn:aws:s3:::nhut-learning-tf-s3-backend-20251216-021925\"},{\"Action\":[\"kms:GenerateDataKey\",\"kms:Encrypt\",\"kms:DescribeKey\",\"kms:Decrypt\",\"kms:CreateGrant\"],\"Effect\":\"Allow\",\"Resource\":\"arn:aws:kms:ap-southeast-1:005570540694:key/36a7b6e5-3c11-407f-adc7-32b851143628\"},{\"Action\":[\"dynamodb:PutItem\",\"dynamodb:GetItem\",\"dynamodb:DeleteItem\"],\"Effect\":\"Allow\",\"Resource\":\"arn:aws:dynamodb:ap-southeast-1:005570540694:table/nhut-learning-tf-s3-backend\"}],\"Version\":\"2012-10-17\"}",
            "policy_id": "ANPAQCTAHWSLPG6TERY3L",
            "tags": null,
            "tags_all": {}
          },
          "sensitive_attributes": [],
          "private": "bnVsbA==",
          "dependencies": [
            "aws_dynamodb_table.dynamodb_table",
            "aws_kms_key.kms_key",
            "aws_s3_bucket.s3_bucket",
            "data.aws_iam_policy_document.policy_doc"
          ]
        }
      ]
    },
    {
      "mode": "managed",
      "type": "aws_iam_role",
      "name": "iam_role",
      "provider": "provider[\"registry.terraform.io/hashicorp/aws\"]",
      "instances": [
        {
          "schema_version": 0,
          "attributes": {
            "arn": "arn:aws:iam::005570540694:role/Nhut-Learning-TfS3BackendRole",
            "assume_role_policy": "{\"Statement\":[{\"Action\":\"sts:AssumeRole\",\"Effect\":\"Allow\",\"Principal\":{\"AWS\":[\"arn:aws:iam::005570540694:user/terraform\"]}}],\"Version\":\"2012-10-17\"}",
            "create_date": "2025-12-16T14:13:26Z",
            "description": "",
            "force_detach_policies": false,
            "id": "Nhut-Learning-TfS3BackendRole",
            "inline_policy": [],
            "managed_policy_arns": [],
            "max_session_duration": 3600,
            "name": "Nhut-Learning-TfS3BackendRole",
            "name_prefix": "",
            "path": "/",
            "permissions_boundary": "",
            "tags": {
              "project": "nhut-learning-tf"
            },
            "tags_all": {
              "project": "nhut-learning-tf"
            },
            "unique_id": "AROAQCTAHWSLM7Z5G5F25"
          },
          "sensitive_attributes": [],
          "private": "bnVsbA==",
          "dependencies": [
            "data.aws_caller_identity.current"
          ]
        }
      ]
    },
    {
      "mode": "managed",
      "type": "aws_iam_role_policy_attachment",
      "name": "policy_attach",
      "provider": "provider[\"registry.terraform.io/hashicorp/aws\"]",
      "instances": [
        {
          "schema_version": 0,
          "attributes": {
            "id": "Nhut-Learning-TfS3BackendRole/arn:aws:iam::005570540694:policy/Nhut-Learning-TfS3BackendPolicy",
            "policy_arn": "arn:aws:iam::005570540694:policy/Nhut-Learning-TfS3BackendPolicy",
            "role": "Nhut-Learning-TfS3BackendRole"
          },
          "sensitive_attributes": [],
          "private": "bnVsbA==",
          "dependencies": [
            "aws_dynamodb_table.dynamodb_table",
            "aws_iam_policy.policy",
            "aws_iam_role.iam_role",
            "aws_kms_key.kms_key",
            "aws_s3_bucket.s3_bucket",
            "data.aws_caller_identity.current",
            "data.aws_iam_policy_document.policy_doc"
          ]
        }
      ]
    },
    {
      "mode": "managed",
      "type": "aws_kms_key",
      "name": "kms_key",
      "provider": "provider[\"registry.terraform.io/hashicorp/aws\"]",
      "instances": [
        {
          "schema_version": 0,
          "attributes": {
            "arn": "arn:aws:kms:ap-southeast-1:005570540694:key/36a7b6e5-3c11-407f-adc7-32b851143628",
            "bypass_policy_lockout_safety_check": false,
            "custom_key_store_id": "",
            "customer_master_key_spec": "SYMMETRIC_DEFAULT",
            "deletion_window_in_days": null,
            "description": "",
            "enable_key_rotation": false,
            "id": "36a7b6e5-3c11-407f-adc7-32b851143628",
            "is_enabled": true,
            "key_id": "36a7b6e5-3c11-407f-adc7-32b851143628",
            "key_usage": "ENCRYPT_DECRYPT",
            "multi_region": false,
            "policy": "{\"Id\":\"key-default-1\",\"Statement\":[{\"Action\":\"kms:*\",\"Effect\":\"Allow\",\"Principal\":{\"AWS\":\"arn:aws:iam::005570540694:root\"},\"Resource\":\"*\",\"Sid\":\"Enable IAM User Permissions\"}],\"Version\":\"2012-10-17\"}",
            "region": "ap-southeast-1",
            "rotation_period_in_days": 0,
            "tags": {
              "project": "nhut-learning-tf"
            },
            "tags_all": {
              "project": "nhut-learning-tf"
            },
            "timeouts": null,
            "xks_key_id": ""
          },
          "sensitive_attributes": [],
          "private": "eyJlMmJmYjczMC1lY2FhLTExZTYtOGY4OC0zNDM2M2JjN2M0YzAiOnsiY3JlYXRlIjoxMjAwMDAwMDAwMDB9fQ=="
        }
      ]
    },
    {
      "mode": "managed",
      "type": "aws_resourcegroups_group",
      "name": "resourcegroups_group",
      "provider": "provider[\"registry.terraform.io/hashicorp/aws\"]",
      "instances": [
        {
          "schema_version": 0,
          "attributes": {
            "arn": "arn:aws:resource-groups:ap-southeast-1:005570540694:group/nhut-learning-tf-s3-backend",
            "configuration": [],
            "description": "",
            "id": "nhut-learning-tf-s3-backend",
            "name": "nhut-learning-tf-s3-backend",
            "region": "ap-southeast-1",
            "resource_query": [
              {
                "query": "{\n  \"ResourceTypeFilters\": [\n    \"AWS::AllSupported\"\n  ],\n  \"TagFilters\": [\n    {\n      \"Key\": \"project\",\n      \"Values\": [\"nhut-learning-tf\"]\n    }\n  ]\n}\n",
                "type": "TAG_FILTERS_1_0"
              }
            ],
            "tags": {},
            "tags_all": {},
            "timeouts": null
          },
          "sensitive_attributes": [],
          "private": "eyJlMmJmYjczMC1lY2FhLTExZTYtOGY4OC0zNDM2M2JjN2M0YzAiOnsiY3JlYXRlIjo5MDAwMDAwMDAwMDAsInVwZGF0ZSI6OTAwMDAwMDAwMDAwfX0="
        }
      ]
    },
    {
      "mode": "managed",
      "type": "aws_s3_bucket",
      "name": "s3_bucket",
      "provider": "provider[\"registry.terraform.io/hashicorp/aws\"]",
      "instances": [
        {
          "schema_version": 0,
          "attributes": {
            "acceleration_status": "",
            "acl": null,
            "arn": "arn:aws:s3:::nhut-learning-tf-s3-backend-20251216-021925",
            "bucket": "nhut-learning-tf-s3-backend-20251216-021925",
            "bucket_domain_name": "nhut-learning-tf-s3-backend-20251216-021925.s3.amazonaws.com",
            "bucket_prefix": "",
            "bucket_region": "ap-southeast-1",
            "bucket_regional_domain_name": "nhut-learning-tf-s3-backend-20251216-021925.s3.ap-southeast-1.amazonaws.com",
            "cors_rule": [],
            "force_destroy": false,
            "grant": [
              {
                "id": "fb2b868d8ce26fb7be3e1e88942f8da38efab7cc9625728182498a9575bb399a",
                "permissions": [
                  "FULL_CONTROL"
                ],
                "type": "CanonicalUser",
                "uri": ""
              }
            ],
            "hosted_zone_id": "Z3O0J2DXBE1FTB",
            "id": "nhut-learning-tf-s3-backend-20251216-021925",
            "lifecycle_rule": [],
            "logging": [],
            "object_lock_configuration": [],
            "object_lock_enabled": false,
            "policy": "",
            "region": "ap-southeast-1",
            "replication_configuration": [],
            "request_payer": "BucketOwner",
            "server_side_encryption_configuration": [
              {
                "rule": [
                  {
                    "apply_server_side_encryption_by_default": [
                      {
                        "kms_master_key_id": "",
                        "sse_algorithm": "AES256"
                      }
                    ],
                    "bucket_key_enabled": false
                  }
                ]
              }
            ],
            "tags": {
              "project": "nhut-learning-tf"
            },
            "tags_all": {
              "project": "nhut-learning-tf"
            },
            "timeouts": null,
            "versioning": [
              {
                "enabled": false,
                "mfa_delete": false
              }
            ],
            "website": [],
            "website_domain": null,
            "website_endpoint": null
          },
          "sensitive_attributes": [],
          "private": "eyJlMmJmYjczMC1lY2FhLTExZTYtOGY4OC0zNDM2M2JjN2M0YzAiOnsiY3JlYXRlIjoxMjAwMDAwMDAwMDAwLCJkZWxldGUiOjM2MDAwMDAwMDAwMDAsInJlYWQiOjEyMDAwMDAwMDAwMDAsInVwZGF0ZSI6MTIwMDAwMDAwMDAwMH19"
        }
      ]
    },
    {
      "mode": "managed",
      "type": "aws_s3_bucket_server_side_encryption_configuration",
      "name": "s3_bucket",
      "provider": "provider[\"registry.terraform.io/hashicorp/aws\"]",
      "instances": [
        {
          "schema_version": 0,
          "attributes": {
            "bucket": "nhut-learning-tf-s3-backend-20251216-021925",
            "expected_bucket_owner": "",
            "id": "nhut-learning-tf-s3-backend-20251216-021925",
            "region": "ap-southeast-1",
            "rule": [
              {
                "apply_server_side_encryption_by_default": [
                  {
                    "kms_master_key_id": "arn:aws:kms:ap-southeast-1:005570540694:key/36a7b6e5-3c11-407f-adc7-32b851143628",
                    "sse_algorithm": "aws:kms"
                  }
                ],
                "bucket_key_enabled": null
              }
            ]
          },
          "sensitive_attributes": [],
          "private": "bnVsbA==",
          "dependencies": [
            "aws_kms_key.kms_key",
            "aws_s3_bucket.s3_bucket"
          ]
        }
      ]
    },
    {
      "mode": "managed",
      "type": "aws_s3_bucket_versioning",
      "name": "s3_bucket",
      "provider": "provider[\"registry.terraform.io/hashicorp/aws\"]",
      "instances": [
        {
          "schema_version": 0,
          "attributes": {
            "bucket": "nhut-learning-tf-s3-backend-20251216-021925",
            "expected_bucket_owner": "",
            "id": "nhut-learning-tf-s3-backend-20251216-021925",
            "mfa": null,
            "region": "ap-southeast-1",
            "versioning_configuration": [
              {
                "mfa_delete": "",
                "status": "Enabled"
              }
            ]
          },
          "sensitive_attributes": [],
          "private": "bnVsbA==",
          "dependencies": [
            "aws_s3_bucket.s3_bucket"
          ]
        }
      ]
    }
  ],
  "check_results": null
}
