{
  "version": 4,
  "terraform_version": "1.10.0",
  "serial": 31,
  "lineage": "e9a64ecc-225a-4072-87a8-ac3268ca704d",
  "outputs": {},
  "resources": [
    {
      "mode": "data",
      "type": "aws_caller_identity",
      "name": "current",
      "provider": "provider[\"registry.terraform.io/hashicorp/aws\"]",
      "instances": [
        {
          "schema_version": 0,
          "attributes": {
            "account_id": "005570540694",
            "arn": "arn:aws:iam::005570540694:user/terraform",
            "id": "005570540694",
            "user_id": "AIDAQCTAHWSLMWRCYSRAP"
          },
          "sensitive_attributes": []
        }
      ]
    },
    {
      "mode": "data",
      "type": "aws_region",
      "name": "current",
      "provider": "provider[\"registry.terraform.io/hashicorp/aws\"]",
      "instances": [
        {
          "schema_version": 0,
          "attributes": {
            "description": "Asia Pacific (Singapore)",
            "endpoint": "ec2.ap-southeast-1.amazonaws.com",
            "id": "ap-southeast-1",
            "name": "ap-southeast-1",
            "region": "ap-southeast-1"
          },
          "sensitive_attributes": []
        }
      ]
    },
    {
      "mode": "managed",
      "type": "aws_dynamodb_table",
      "name": "dynamodb_table",
      "provider": "provider[\"registry.terraform.io/hashicorp/aws\"]",
      "instances": [
        {
          "schema_version": 1,
          "attributes": {
            "arn": "arn:aws:dynamodb:ap-southeast-1:005570540694:table/nhut-learning-tf-s3-backend",
            "attribute": [
              {
                "name": "LockID",
                "type": "S"
              }
            ],
            "billing_mode": "PAY_PER_REQUEST",
            "deletion_protection_enabled": false,
            "global_secondary_index": [],
            "hash_key": "LockID",
            "id": "nhut-learning-tf-s3-backend",
            "import_table": [],
            "local_secondary_index": [],
            "name": "nhut-learning-tf-s3-backend",
            "on_demand_throughput": [],
            "point_in_time_recovery": [
              {
                "enabled": false,
                "recovery_period_in_days": 0
              }
            ],
            "range_key": null,
            "read_capacity": 0,
            "region": "ap-southeast-1",
            "replica": [],
            "restore_date_time": null,
            "restore_source_name": null,
            "restore_source_table_arn": null,
            "restore_to_latest_time": null,
            "server_side_encryption": [],
            "stream_arn": "",
            "stream_enabled": false,
            "stream_label": "",
            "stream_view_type": "",
            "table_class": "STANDARD",
            "tags": {
              "project": "nhut-learning-tf"
            },
            "tags_all": {
              "project": "nhut-learning-tf"
            },
            "timeouts": null,
            "ttl": [
              {
                "attribute_name": "",
                "enabled": false
              }
            ],
            "warm_throughput": [],
            "write_capacity": 0
          },
          "sensitive_attributes": [],
          "private": "eyJlMmJmYjczMC1lY2FhLTExZTYtOGY4OC0zNDM2M2JjN2M0YzAiOnsiY3JlYXRlIjoxODAwMDAwMDAwMDAwLCJkZWxldGUiOjYwMDAwMDAwMDAwMCwidXBkYXRlIjozNjAwMDAwMDAwMDAwfSwic2NoZW1hX3ZlcnNpb24iOiIxIn0="
        }
      ]
    },
    {
      "mode": "managed",
      "type": "aws_iam_role",
      "name": "iam_role",
      "provider": "provider[\"registry.terraform.io/hashicorp/aws\"]",
      "instances": [
        {
          "schema_version": 0,
          "attributes": {
            "arn": "arn:aws:iam::005570540694:role/Nhut-Learning-TfS3BackendRole",
            "assume_role_policy": "{\"Statement\":[{\"Action\":\"sts:AssumeRole\",\"Effect\":\"Allow\",\"Principal\":{\"AWS\":[\"arn:aws:iam::005570540694:user/terraform\"]}}],\"Version\":\"2012-10-17\"}",
            "create_date": "2025-12-16T14:13:26Z",
            "description": "",
            "force_detach_policies": false,
            "id": "Nhut-Learning-TfS3BackendRole",
            "inline_policy": [],
            "managed_policy_arns": [],
            "max_session_duration": 3600,
            "name": "Nhut-Learning-TfS3BackendRole",
            "name_prefix": "",
            "path": "/",
            "permissions_boundary": "",
            "tags": {
              "project": "nhut-learning-tf"
            },
            "tags_all": {
              "project": "nhut-learning-tf"
            },
            "unique_id": "AROAQCTAHWSLM7Z5G5F25"
          },
          "sensitive_attributes": [],
          "private": "bnVsbA==",
          "dependencies": [
            "data.aws_caller_identity.current"
          ]
        }
      ]
    },
    {
      "mode": "managed",
      "type": "aws_kms_key",
      "name": "kms_key",
      "provider": "provider[\"registry.terraform.io/hashicorp/aws\"]",
      "instances": [
        {
          "schema_version": 0,
          "attributes": {
            "arn": "arn:aws:kms:ap-southeast-1:005570540694:key/36a7b6e5-3c11-407f-adc7-32b851143628",
            "bypass_policy_lockout_safety_check": false,
            "custom_key_store_id": "",
            "customer_master_key_spec": "SYMMETRIC_DEFAULT",
            "deletion_window_in_days": null,
            "description": "",
            "enable_key_rotation": false,
            "id": "36a7b6e5-3c11-407f-adc7-32b851143628",
            "is_enabled": true,
            "key_id": "36a7b6e5-3c11-407f-adc7-32b851143628",
            "key_usage": "ENCRYPT_DECRYPT",
            "multi_region": false,
            "policy": "{\"Id\":\"key-default-1\",\"Statement\":[{\"Action\":\"kms:*\",\"Effect\":\"Allow\",\"Principal\":{\"AWS\":\"arn:aws:iam::005570540694:root\"},\"Resource\":\"*\",\"Sid\":\"Enable IAM User Permissions\"}],\"Version\":\"2012-10-17\"}",
            "region": "ap-southeast-1",
            "rotation_period_in_days": 0,
            "tags": {
              "project": "nhut-learning-tf"
            },
            "tags_all": {
              "project": "nhut-learning-tf"
            },
            "timeouts": null,
            "xks_key_id": ""
          },
          "sensitive_attributes": [],
          "private": "eyJlMmJmYjczMC1lY2FhLTExZTYtOGY4OC0zNDM2M2JjN2M0YzAiOnsiY3JlYXRlIjoxMjAwMDAwMDAwMDB9fQ=="
        }
      ]
    },
    {
      "mode": "managed",
      "type": "aws_resourcegroups_group",
      "name": "resourcegroups_group",
      "provider": "provider[\"registry.terraform.io/hashicorp/aws\"]",
      "instances": [
        {
          "schema_version": 0,
          "attributes": {
            "arn": "arn:aws:resource-groups:ap-southeast-1:005570540694:group/nhut-learning-tf-s3-backend",
            "configuration": [],
            "description": "",
            "id": "nhut-learning-tf-s3-backend",
            "name": "nhut-learning-tf-s3-backend",
            "region": "ap-southeast-1",
            "resource_query": [
              {
                "query": "{\n  \"ResourceTypeFilters\": [\n    \"AWS::AllSupported\"\n  ],\n  \"TagFilters\": [\n    {\n      \"Key\": \"project\",\n      \"Values\": [\"nhut-learning-tf\"]\n    }\n  ]\n}\n",
                "type": "TAG_FILTERS_1_0"
              }
            ],
            "tags": null,
            "tags_all": {},
            "timeouts": null
          },
          "sensitive_attributes": [],
          "private": "eyJlMmJmYjczMC1lY2FhLTExZTYtOGY4OC0zNDM2M2JjN2M0YzAiOnsiY3JlYXRlIjo5MDAwMDAwMDAwMDAsInVwZGF0ZSI6OTAwMDAwMDAwMDAwfX0="
        }
      ]
    },
    {
      "mode": "managed",
      "type": "aws_s3_bucket",
      "name": "s3_bucket",
      "provider": "provider[\"registry.terraform.io/hashicorp/aws\"]",
      "instances": []
    }
  ],
  "check_results": null
}
